<?xml version="1.0" encoding="utf-8"?>
<Project ToolsVersion="4.0" xmlns="http://schemas.microsoft.com/developer/msbuild/2003">
  <ItemGroup>
    <Filter Include="Source Files">
      <UniqueIdentifier>{4FC737F1-C7A5-4376-A066-2A32D752A2FF}</UniqueIdentifier>
      <Extensions>cpp;c;cc;cxx;c++;cppm;ixx;def;odl;idl;hpj;bat;asm;asmx</Extensions>
    </Filter>
    <Filter Include="Header Files">
      <UniqueIdentifier>{93995380-89BD-4b04-88EB-625FBE52EBFB}</UniqueIdentifier>
      <Extensions>h;hh;hpp;hxx;h++;hm;inl;inc;ipp;xsd</Extensions>
    </Filter>
    <Filter Include="Resource Files">
      <UniqueIdentifier>{67DA6AB6-F800-4c08-8B7A-83BB121AAD01}</UniqueIdentifier>
      <Extensions>rc;ico;cur;bmp;dlg;rc2;rct;bin;rgs;gif;jpg;jpeg;jpe;resx;tiff;tif;png;wav;mfcribbon-ms</Extensions>
    </Filter>
    <Filter Include="listsATD">
      <UniqueIdentifier>{fb5a8d41-f13f-4161-9300-cc7aba244f2c}</UniqueIdentifier>
    </Filter>
  </ItemGroup>
  <ItemGroup>
    <ClInclude Include="Cancellation_event.h">
      <Filter>Header Files</Filter>
    </ClInclude>
    <ClInclude Include="Check_Up.h">
      <Filter>Header Files</Filter>
    </ClInclude>
    <ClInclude Include="Em.h">
      <Filter>Header Files</Filter>
    </ClInclude>
    <ClInclude Include="EmergencyRovers.h">
      <Filter>Header Files</Filter>
    </ClInclude>
    <ClInclude Include="Event.h">
      <Filter>Header Files</Filter>
    </ClInclude>
    <ClInclude Include="Formulation_event.h">
      <Filter>Header Files</Filter>
    </ClInclude>
    <ClInclude Include="Mm.h">
      <Filter>Header Files</Filter>
    </ClInclude>
    <ClInclude Include="MountainousRovers.h">
      <Filter>Header Files</Filter>
    </ClInclude>
    <ClInclude Include="Node.h">
      <Filter>Header Files</Filter>
    </ClInclude>
    <ClInclude Include="Pair.h">
      <Filter>Header Files</Filter>
    </ClInclude>
    <ClInclude Include="Pm.h">
      <Filter>Header Files</Filter>
    </ClInclude>
    <ClInclude Include="PolarRovers.h">
      <Filter>Header Files</Filter>
    </ClInclude>
    <ClInclude Include="Promotion_event.h">
      <Filter>Header Files</Filter>
    </ClInclude>
    <ClInclude Include="Rovers.h">
      <Filter>Header Files</Filter>
    </ClInclude>
    <ClInclude Include="ui.h">
      <Filter>Header Files</Filter>
    </ClInclude>
    <ClInclude Include="missions.h">
      <Filter>Header Files</Filter>
    </ClInclude>
    <ClInclude Include="Marsstation.h">
      <Filter>Source Files</Filter>
    </ClInclude>
    <ClInclude Include="QueueADT.h">
      <Filter>listsATD</Filter>
    </ClInclude>
    <ClInclude Include="priQueueADT2.h">
      <Filter>listsATD</Filter>
    </ClInclude>
    <ClInclude Include="priQueueADT.h">
      <Filter>listsATD</Filter>
    </ClInclude>
    <ClInclude Include="ListADT.h">
      <Filter>listsATD</Filter>
    </ClInclude>
    <ClInclude Include="LinkedQueue.h">
      <Filter>listsATD</Filter>
    </ClInclude>
    <ClInclude Include="linkedPriQueue2.h">
      <Filter>listsATD</Filter>
    </ClInclude>
    <ClInclude Include="linkedPriQueue.h">
      <Filter>listsATD</Filter>
    </ClInclude>
    <ClInclude Include="ArrayList.h">
      <Filter>listsATD</Filter>
    </ClInclude>
  </ItemGroup>
  <ItemGroup>
    <ClCompile Include="Cancellation_event.cpp">
      <Filter>Header Files</Filter>
    </ClCompile>
    <ClCompile Include="Check_Up.cpp">
      <Filter>Header Files</Filter>
    </ClCompile>
    <ClCompile Include="Em.cpp">
      <Filter>Header Files</Filter>
    </ClCompile>
    <ClCompile Include="EmergencyRovers.cpp">
      <Filter>Header Files</Filter>
    </ClCompile>
    <ClCompile Include="Event.cpp">
      <Filter>Header Files</Filter>
    </ClCompile>
    <ClCompile Include="Formulation_event.cpp">
      <Filter>Header Files</Filter>
    </ClCompile>
    <ClCompile Include="MountainousRovers.cpp">
      <Filter>Header Files</Filter>
    </ClCompile>
    <ClCompile Include="Pm.cpp">
      <Filter>Header Files</Filter>
    </ClCompile>
    <ClCompile Include="PolarRovers.cpp">
      <Filter>Header Files</Filter>
    </ClCompile>
    <ClCompile Include="Promotion_event.cpp">
      <Filter>Header Files</Filter>
    </ClCompile>
    <ClCompile Include="Rovers.cpp">
      <Filter>Header Files</Filter>
    </ClCompile>
    <ClCompile Include="ui.cpp">
      <Filter>Header Files</Filter>
    </ClCompile>
    <ClCompile Include="missions.cpp">
      <Filter>Header Files</Filter>
    </ClCompile>
    <ClCompile Include="Mm.cpp">
      <Filter>Header Files</Filter>
    </ClCompile>
    <ClCompile Include="Source.cpp">
      <Filter>Source Files</Filter>
    </ClCompile>
    <ClCompile Include="Marsstation.cpp">
      <Filter>Source Files</Filter>
    </ClCompile>
  </ItemGroup>
</Project>